<?xml version="1.0" encoding="utf-8"?>
<Project ToolsVersion="4.0" xmlns="http://schemas.microsoft.com/developer/msbuild/2003">
  <ItemGroup>
    <Filter Include="Source Files">
      <UniqueIdentifier>{4FC737F1-C7A5-4376-A066-2A32D752A2FF}</UniqueIdentifier>
      <Extensions>cpp;c;cc;cxx;def;odl;idl;hpj;bat;asm;asmx</Extensions>
    </Filter>
    <Filter Include="Header Files">
      <UniqueIdentifier>{93995380-89BD-4b04-88EB-625FBE52EBFB}</UniqueIdentifier>
      <Extensions>h;hh;hpp;hxx;hm;inl;inc;xsd</Extensions>
    </Filter>
    <Filter Include="Resource Files">
      <UniqueIdentifier>{67DA6AB6-F800-4c08-8B7A-83BB121AAD01}</UniqueIdentifier>
      <Extensions>rc;ico;cur;bmp;dlg;rc2;rct;bin;rgs;gif;jpg;jpeg;jpe;resx;tiff;tif;png;wav;mfcribbon-ms</Extensions>
    </Filter>
  </ItemGroup>
  <ItemGroup>
    <ClInclude Include="Walker.h">
      <Filter>Resource Files</Filter>
    </ClInclude>
    <ClInclude Include="Graph.h">
      <Filter>Header Files</Filter>
    </ClInclude>
    <ClInclude Include="GraphNode.h">
      <Filter>Header Files</Filter>
    </ClInclude>
    <ClInclude Include="BestFSWalker.h">
      <Filter>Header Files</Filter>
    </ClInclude>
    <ClInclude Include="AStarWalker.h">
      <Filter>Header Files</Filter>
    </ClInclude>
    <ClInclude Include="BFSWalker.h">
      <Filter>Header Files</Filter>
    </ClInclude>
    <ClInclude Include="DFSWalker.h">
      <Filter>Header Files</Filter>
    </ClInclude>
    <ClInclude Include="DijkstraWalker.h">
      <Filter>Header Files</Filter>
    </ClInclude>
  </ItemGroup>
  <ItemGroup>
    <ClCompile Include="Walker.cpp">
      <Filter>Source Files</Filter>
    </ClCompile>
    <ClCompile Include="GraphNode.cpp">
      <Filter>Source Files</Filter>
    </ClCompile>
    <ClCompile Include="Graph.cpp">
      <Filter>Source Files</Filter>
    </ClCompile>
    <ClCompile Include="Pathfinding.cpp">
      <Filter>Source Files</Filter>
    </ClCompile>
    <ClCompile Include="BestFSWalker.cpp">
      <Filter>Source Files</Filter>
    </ClCompile>
    <ClCompile Include="AStarWalker.cpp">
      <Filter>Source Files</Filter>
    </ClCompile>
    <ClCompile Include="BFSWalker.cpp">
      <Filter>Source Files</Filter>
    </ClCompile>
    <ClCompile Include="DFSWalker.cpp">
      <Filter>Source Files</Filter>
    </ClCompile>
    <ClCompile Include="DijkstraWalker.cpp">
      <Filter>Source Files</Filter>
    </ClCompile>
  </ItemGroup>
</Project>